// !$*UTF8*$!
{
	archiveVersion = 1;
	classes = {
	};
	objectVersion = 46;
	objects = {

/* Begin PBXBuildFile section */
		B113A0A41D4A76F900C20668 /* AppDelegate.swift in Sources */ = {isa = PBXBuildFile; fileRef = B113A0A31D4A76F900C20668 /* AppDelegate.swift */; };
		B113A0A61D4A76F900C20668 /* ViewController.swift in Sources */ = {isa = PBXBuildFile; fileRef = B113A0A51D4A76F900C20668 /* ViewController.swift */; };
		B113A0A91D4A76F900C20668 /* Main.storyboard in Resources */ = {isa = PBXBuildFile; fileRef = B113A0A71D4A76F900C20668 /* Main.storyboard */; };
		B113A0AB1D4A76F900C20668 /* Assets.xcassets in Resources */ = {isa = PBXBuildFile; fileRef = B113A0AA1D4A76F900C20668 /* Assets.xcassets */; };
		B113A0AE1D4A76F900C20668 /* LaunchScreen.storyboard in Resources */ = {isa = PBXBuildFile; fileRef = B113A0AC1D4A76F900C20668 /* LaunchScreen.storyboard */; };
/* End PBXBuildFile section */

/* Begin PBXFileReference section */
		B113A0A01D4A76F900C20668 /* WhaleTalk.app */ = {isa = PBXFileReference; explicitFileType = wrapper.application; includeInIndex = 0; path = WhaleTalk.app; sourceTree = BUILT_PRODUCTS_DIR; };
		B113A0A31D4A76F900C20668 /* AppDelegate.swift */ = {isa = PBXFileReference; lastKnownFileType = sourcecode.swift; path = AppDelegate.swift; sourceTree = "<group>"; };
		B113A0A51D4A76F900C20668 /* ViewController.swift */ = {isa = PBXFileReference; lastKnownFileType = sourcecode.swift; path = ViewController.swift; sourceTree = "<group>"; };
		B113A0A81D4A76F900C20668 /* Base */ = {isa = PBXFileReference; lastKnownFileType = file.storyboard; name = Base; path = Base.lproj/Main.storyboard; sourceTree = "<group>"; };
		B113A0AA1D4A76F900C20668 /* Assets.xcassets */ = {isa = PBXFileReference; lastKnownFileType = folder.assetcatalog; path = Assets.xcassets; sourceTree = "<group>"; };
		B113A0AD1D4A76F900C20668 /* Base */ = {isa = PBXFileReference; lastKnownFileType = file.storyboard; name = Base; path = Base.lproj/LaunchScreen.storyboard; sourceTree = "<group>"; };
		B113A0AF1D4A76F900C20668 /* Info.plist */ = {isa = PBXFileReference; lastKnownFileType = text.plist.xml; path = Info.plist; sourceTree = "<group>"; };
/* End PBXFileReference section */

/* Begin PBXFrameworksBuildPhase section */
		B113A09D1D4A76F900C20668 /* Frameworks */ = {
			isa = PBXFrameworksBuildPhase;
			buildActionMask = 2147483647;
			files = (
			);
			runOnlyForDeploymentPostprocessing = 0;
		};
/* End PBXFrameworksBuildPhase section */

/* Begin PBXGroup section */
		B113A0971D4A76F900C20668 = {
			isa = PBXGroup;
			children = (
				B113A0A21D4A76F900C20668 /* WhaleTalk */,
				B113A0A11D4A76F900C20668 /* Products */,
			);
			sourceTree = "<group>";
		};
		B113A0A11D4A76F900C20668 /* Products */ = {
			isa = PBXGroup;
			children = (
				B113A0A01D4A76F900C20668 /* WhaleTalk.app */,
			);
			name = Products;
			sourceTree = "<group>";
		};
		B113A0A21D4A76F900C20668 /* WhaleTalk */ = {
			isa = PBXGroup;
			children = (
				B113A0A31D4A76F900C20668 /* AppDelegate.swift */,
				B113A0A51D4A76F900C20668 /* ViewController.swift */,
				B113A0A71D4A76F900C20668 /* Main.storyboard */,
				B113A0AA1D4A76F900C20668 /* Assets.xcassets */,
				B113A0AC1D4A76F900C20668 /* LaunchScreen.storyboard */,
				B113A0AF1D4A76F900C20668 /* Info.plist */,
			);
			path = WhaleTalk;
			sourceTree = "<group>";
		};
/* End PBXGroup section */

/* Begin PBXNativeTarget section */
		B113A09F1D4A76F900C20668 /* WhaleTalk */ = {
			isa = PBXNativeTarget;
			buildConfigurationList = B113A0B21D4A76F900C20668 /* Build configuration list for PBXNativeTarget "WhaleTalk" */;
			buildPhases = (
				B113A09C1D4A76F900C20668 /* Sources */,
				B113A09D1D4A76F900C20668 /* Frameworks */,
				B113A09E1D4A76F900C20668 /* Resources */,
			);
			buildRules = (
			);
			dependencies = (
			);
			name = WhaleTalk;
			productName = WhaleTalk;
			productReference = B113A0A01D4A76F900C20668 /* WhaleTalk.app */;
			productType = "com.apple.product-type.application";
		};
/* End PBXNativeTarget section */

/* Begin PBXProject section */
		B113A0981D4A76F900C20668 /* Project object */ = {
			isa = PBXProject;
			attributes = {
				LastSwiftUpdateCheck = 0730;
				LastUpgradeCheck = 0730;
				ORGANIZATIONNAME = Bayan;
				TargetAttributes = {
					B113A09F1D4A76F900C20668 = {
						CreatedOnToolsVersion = 7.3.1;
					};
				};
			};
			buildConfigurationList = B113A09B1D4A76F900C20668 /* Build configuration list for PBXProject "WhaleTalk" */;
			compatibilityVersion = "Xcode 3.2";
			developmentRegion = English;
			hasScannedForEncodings = 0;
			knownRegions = (
				en,
				Base,
			);
			mainGroup = B113A0971D4A76F900C20668;
			productRefGroup = B113A0A11D4A76F900C20668 /* Products */;
			projectDirPath = "";
			projectRoot = "";
			targets = (
				B113A09F1D4A76F900C20668 /* WhaleTalk */,
			);
		};
/* End PBXProject section */

/* Begin PBXResourcesBuildPhase section */
		B113A09E1D4A76F900C20668 /* Resources */ = {
			isa = PBXResourcesBuildPhase;
			buildActionMask = 2147483647;
			files = (
				B113A0AE1D4A76F900C20668 /* LaunchScreen.storyboard in Resources */,
				B113A0AB1D4A76F900C20668 /* Assets.xcassets in Resources */,
				B113A0A91D4A76F900C20668 /* Main.storyboard in Resources */,
			);
			runOnlyForDeploymentPostprocessing = 0;
		};
/* End PBXResourcesBuildPhase section */

/* Begin PBXSourcesBuildPhase section */
		B113A09C1D4A76F900C20668 /* Sources */ = {
			isa = PBXSourcesBuildPhase;
			buildActionMask = 2147483647;
			files = (
				B113A0A61D4A76F900C20668 /* ViewController.swift in Sources */,
				B113A0A41D4A76F900C20668 /* AppDelegate.swift in Sources */,
			);
			runOnlyForDeploymentPostprocessing = 0;
		};
/* End PBXSourcesBuildPhase section */

/* Begin PBXVariantGroup section */
		B113A0A71D4A76F900C20668 /* Main.storyboard */ = {
			isa = PBXVariantGroup;
			children = (
				B113A0A81D4A76F900C20668 /* Base */,
			);
			name = Main.storyboard;
			sourceTree = "<group>";
		};
		B113A0AC1D4A76F900C20668 /* LaunchScreen.storyboard */ = {
			isa = PBXVariantGroup;
			children = (
				B113A0AD1D4A76F900C20668 /* Base */,
			);
			name = LaunchScreen.storyboard;
			sourceTree = "<group>";
		};
/* End PBXVariantGroup section */

/* Begin XCBuildConfiguration section */
		B113A0B01D4A76F900C20668 /* Debug */ = {
			isa = XCBuildConfiguration;
			buildSettings = {
				ALWAYS_SEARCH_USER_PATHS = NO;
				CLANG_ANALYZER_NONNULL = YES;
				CLANG_CXX_LANGUAGE_STANDARD = "gnu++0x";
				CLANG_CXX_LIBRARY = "libc++";
				CLANG_ENABLE_MODULES = YES;
				CLANG_ENABLE_OBJC_ARC = YES;
				CLANG_WARN_BOOL_CONVERSION = YES;
				CLANG_WARN_CONSTANT_CONVERSION = YES;
				CLANG_WARN_DIRECT_OBJC_ISA_USAGE = YES_ERROR;
				CLANG_WARN_EMPTY_BODY = YES;
				CLANG_WARN_ENUM_CONVERSION = YES;
				CLANG_WARN_INT_CONVERSION = YES;
				CLANG_WARN_OBJC_ROOT_CLASS = YES_ERROR;
				CLANG_WARN_UNREACHABLE_CODE = YES;
				CLANG_WARN__DUPLICATE_METHOD_MATCH = YES;
				"CODE_SIGN_IDENTITY[sdk=iphoneos*]" = "iPhone Developer";
				COPY_PHASE_STRIP = NO;
				DEBUG_INFORMATION_FORMAT = dwarf;
				ENABLE_STRICT_OBJC_MSGSEND = YES;
				ENABLE_TESTABILITY = YES;
				GCC_C_LANGUAGE_STANDARD = gnu99;
				GCC_DYNAMIC_NO_PIC = NO;
				GCC_NO_COMMON_BLOCKS = YES;
				GCC_OPTIMIZATION_LEVEL = 0;
				GCC_PREPROCESSOR_DEFINITIONS = (
					"DEBUG=1",
					"$(inherited)",
				);
				GCC_WARN_64_TO_32_BIT_CONVERSION = YES;
				GCC_WARN_ABOUT_RETURN_TYPE = YES_ERROR;
				GCC_WARN_UNDECLARED_SELECTOR = YES;
				GCC_WARN_UNINITIALIZED_AUTOS = YES_AGGRESSIVE;
				GCC_WARN_UNUSED_FUNCTION = YES;
				GCC_WARN_UNUSED_VARIABLE = YES;
				IPHONEOS_DEPLOYMENT_TARGET = 9.3;
				MTL_ENABLE_DEBUG_INFO = YES;
				ONLY_ACTIVE_ARCH = YES;
				SDKROOT = iphoneos;
				SWIFT_OPTIMIZATION_LEVEL = "-Onone";
				TARGETED_DEVICE_FAMILY = "1,2";
			};
			name = Debug;
		};
		B113A0B11D4A76F900C20668 /* Release */ = {
			isa = XCBuildConfiguration;
			buildSettings = {
				ALWAYS_SEARCH_USER_PATHS = NO;
				CLANG_ANALYZER_NONNULL = YES;
				CLANG_CXX_LANGUAGE_STANDARD = "gnu++0x";
				CLANG_CXX_LIBRARY = "libc++";
				CLANG_ENABLE_MODULES = YES;
				CLANG_ENABLE_OBJC_ARC = YES;
				CLANG_WARN_BOOL_CONVERSION = YES;
				CLANG_WARN_CONSTANT_CONVERSION = YES;
				CLANG_WARN_DIRECT_OBJC_ISA_USAGE = YES_ERROR;
				CLANG_WARN_EMPTY_BODY = YES;
				CLANG_WARN_ENUM_CONVERSION = YES;
				CLANG_WARN_INT_CONVERSION = YES;
				CLANG_WARN_OBJC_ROOT_CLASS = YES_ERROR;
				CLANG_WARN_UNREACHABLE_CODE = YES;
				CLANG_WARN__DUPLICATE_METHOD_MATCH = YES;
				"CODE_SIGN_IDENTITY[sdk=iphoneos*]" = "iPhone Developer";
				COPY_PHASE_STRIP = NO;
				DEBUG_INFORMATION_FORMAT = "dwarf-with-dsym";
				ENABLE_NS_ASSERTIONS = NO;
				ENABLE_STRICT_OBJC_MSGSEND = YES;
				GCC_C_LANGUAGE_STANDARD = gnu99;
				GCC_NO_COMMON_BLOCKS = YES;
				GCC_WARN_64_TO_32_BIT_CONVERSION = YES;
				GCC_WARN_ABOUT_RETURN_TYPE = YES_ERROR;
				GCC_WARN_UNDECLARED_SELECTOR = YES;
				GCC_WARN_UNINITIALIZED_AUTOS = YES_AGGRESSIVE;
				GCC_WARN_UNUSED_FUNCTION = YES;
				GCC_WARN_UNUSED_VARIABLE = YES;
				IPHONEOS_DEPLOYMENT_TARGET = 9.3;
				MTL_ENABLE_DEBUG_INFO = NO;
				SDKROOT = iphoneos;
				TARGETED_DEVICE_FAMILY = "1,2";
				VALIDATE_PRODUCT = YES;
			};
			name = Release;
		};
		B113A0B31D4A76F900C20668 /* Debug */ = {
			isa = XCBuildConfiguration;
			buildSettings = {
				ASSETCATALOG_COMPILER_APPICON_NAME = AppIcon;
				INFOPLIST_FILE = WhaleTalk/Info.plist;
				LD_RUNPATH_SEARCH_PATHS = "$(inherited) @executable_path/Frameworks";
				PRODUCT_BUNDLE_IDENTIFIER = bitfountain.WhaleTalk;
				PRODUCT_NAME = "$(TARGET_NAME)";
			};
			name = Debug;
		};
		B113A0B41D4A76F900C20668 /* Release */ = {
			isa = XCBuildConfiguration;
			buildSettings = {
				ASSETCATALOG_COMPILER_APPICON_NAME = AppIcon;
				INFOPLIST_FILE = WhaleTalk/Info.plist;
				LD_RUNPATH_SEARCH_PATHS = "$(inherited) @executable_path/Frameworks";
				PRODUCT_BUNDLE_IDENTIFIER = bitfountain.WhaleTalk;
				PRODUCT_NAME = "$(TARGET_NAME)";
			};
			name = Release;
		};
/* End XCBuildConfiguration section */

/* Begin XCConfigurationList section */
		B113A09B1D4A76F900C20668 /* Build configuration list for PBXProject "WhaleTalk" */ = {
			isa = XCConfigurationList;
			buildConfigurations = (
				B113A0B01D4A76F900C20668 /* Debug */,
				B113A0B11D4A76F900C20668 /* Release */,
			);
			defaultConfigurationIsVisible = 0;
			defaultConfigurationName = Release;
		};
		B113A0B21D4A76F900C20668 /* Build configuration list for PBXNativeTarget "WhaleTalk" */ = {
			isa = XCConfigurationList;
			buildConfigurations = (
				B113A0B31D4A76F900C20668 /* Debug */,
				B113A0B41D4A76F900C20668 /* Release */,
			);
			defaultConfigurationIsVisible = 0;
		};
/* End XCConfigurationList section */
	};
	rootObject = B113A0981D4A76F900C20668 /* Project object */;
}
